
Microsoft Visual Studio Solution File, Format Version 12.00
# Visual Studio Version 17
VisualStudioVersion = 17.2.32630.192
MinimumVisualStudioVersion = 10.0.40219.1
Project("{9A19103F-16F7-4668-BE54-9A1E7A4F7556}") = "StreamChatReader", "StreamChatReader\StreamChatReader.csproj", "{1EE78746-F055-4733-84A2-01076A90F634}"
EndProject
Project("{9A19103F-16F7-4668-BE54-9A1E7A4F7556}") = "StreamChatReader.Test", "StreamChatReader.Test\StreamChatReader.Test.csproj", "{254C5441-814F-4A01-8DD2-B1D0A30CD210}"
EndProject
Global
	GlobalSection(SolutionConfigurationPlatforms) = preSolution
		Debug|Any CPU = Debug|Any CPU
		Release|Any CPU = Release|Any CPU
	EndGlobalSection
	GlobalSection(ProjectConfigurationPlatforms) = postSolution
		{1EE78746-F055-4733-84A2-01076A90F634}.Debug|Any CPU.ActiveCfg = Debug|Any CPU
		{1EE78746-F055-4733-84A2-01076A90F634}.Debug|Any CPU.Build.0 = Debug|Any CPU
		{1EE78746-F055-4733-84A2-01076A90F634}.Release|Any CPU.ActiveCfg = Release|Any CPU
		{1EE78746-F055-4733-84A2-01076A90F634}.Release|Any CPU.Build.0 = Release|Any CPU
		{254C5441-814F-4A01-8DD2-B1D0A30CD210}.Debug|Any CPU.ActiveCfg = Debug|Any CPU
		{254C5441-814F-4A01-8DD2-B1D0A30CD210}.Debug|Any CPU.Build.0 = Debug|Any CPU
		{254C5441-814F-4A01-8DD2-B1D0A30CD210}.Release|Any CPU.ActiveCfg = Release|Any CPU
		{254C5441-814F-4A01-8DD2-B1D0A30CD210}.Release|Any CPU.Build.0 = Release|Any CPU
	EndGlobalSection
	GlobalSection(SolutionProperties) = preSolution
		HideSolutionNode = FALSE
	EndGlobalSection
	GlobalSection(ExtensibilityGlobals) = postSolution
		SolutionGuid = {3332C250-269E-413C-BB59-13E9116C825C}
	EndGlobalSection
EndGlobal
